
Microsoft Visual Studio Solution File, Format Version 12.00
# Visual Studio 15
VisualStudioVersion = 15.0.27703.2018
MinimumVisualStudioVersion = 10.0.40219.1
Project("{FAE04EC0-301F-11D3-BF4B-00C04F79EFBC}") = "HelloAccringtonWebApp", "HelloAccringtonWebApp\HelloAccringtonWebApp.csproj", "{042971CC-575B-4621-BFE0-7199D7B0E34E}"
EndProject
Global
	GlobalSection(SolutionConfigurationPlatforms) = preSolution
		Debug|Any CPU = Debug|Any CPU
		Release|Any CPU = Release|Any CPU
	EndGlobalSection
	GlobalSection(ProjectConfigurationPlatforms) = postSolution
		{042971CC-575B-4621-BFE0-7199D7B0E34E}.Debug|Any CPU.ActiveCfg = Debug|Any CPU
		{042971CC-575B-4621-BFE0-7199D7B0E34E}.Debug|Any CPU.Build.0 = Debug|Any CPU
		{042971CC-575B-4621-BFE0-7199D7B0E34E}.Release|Any CPU.ActiveCfg = Release|Any CPU
		{042971CC-575B-4621-BFE0-7199D7B0E34E}.Release|Any CPU.Build.0 = Release|Any CPU
	EndGlobalSection
	GlobalSection(SolutionProperties) = preSolution
		HideSolutionNode = FALSE
	EndGlobalSection
	GlobalSection(ExtensibilityGlobals) = postSolution
		SolutionGuid = {E5D981C9-2AD9-45A6-830A-0E2BD9A07ECD}
	EndGlobalSection
EndGlobal
